<?xml version="1.0" encoding="utf-8"?>
<Project ToolsVersion="4.0" xmlns="http://schemas.microsoft.com/developer/msbuild/2003">
  <ItemGroup>
    <Filter Include="Source Files">
      <UniqueIdentifier>{4FC737F1-C7A5-4376-A066-2A32D752A2FF}</UniqueIdentifier>
      <Extensions>cpp;c;cc;cxx;c++;cppm;ixx;def;odl;idl;hpj;bat;asm;asmx</Extensions>
    </Filter>
    <Filter Include="Header Files">
      <UniqueIdentifier>{93995380-89BD-4b04-88EB-625FBE52EBFB}</UniqueIdentifier>
      <Extensions>h;hh;hpp;hxx;h++;hm;inl;inc;ipp;xsd</Extensions>
    </Filter>
    <Filter Include="Resource Files">
      <UniqueIdentifier>{67DA6AB6-F800-4c08-8B7A-83BB121AAD01}</UniqueIdentifier>
      <Extensions>rc;ico;cur;bmp;dlg;rc2;rct;bin;rgs;gif;jpg;jpeg;jpe;resx;tiff;tif;png;wav;mfcribbon-ms</Extensions>
    </Filter>
    <Filter Include="XmlCore">
      <UniqueIdentifier>{950fd41a-4221-42bd-bbeb-f8b1f4f27039}</UniqueIdentifier>
    </Filter>
    <Filter Include="CLI">
      <UniqueIdentifier>{b63b4878-b724-498e-b43d-6819d576e41a}</UniqueIdentifier>
    </Filter>
    <Filter Include="Exceptions">
      <UniqueIdentifier>{07aab632-c9ac-4073-a942-0599576643c7}</UniqueIdentifier>
    </Filter>
    <Filter Include="Tests">
      <UniqueIdentifier>{17ef7c30-7258-4f66-bb05-ae7c7ca1602d}</UniqueIdentifier>
    </Filter>
  </ItemGroup>
  <ItemGroup>
    <ClCompile Include="main.cpp">
      <Filter>Source Files</Filter>
    </ClCompile>
    <ClCompile Include="XmlCore\XmlDocument.cpp">
      <Filter>XmlCore</Filter>
    </ClCompile>
    <ClCompile Include="XmlCore\XmlElement.cpp">
      <Filter>XmlCore</Filter>
    </ClCompile>
    <ClCompile Include="XmlCore\XmlText.cpp">
      <Filter>XmlCore</Filter>
    </ClCompile>
    <ClCompile Include="test_main.cpp">
      <Filter>Tests</Filter>
    </ClCompile>
    <ClCompile Include="XmlNodeTests.cpp">
      <Filter>Tests</Filter>
    </ClCompile>
    <ClCompile Include="XmlTextTests.cpp">
      <Filter>Tests</Filter>
    </ClCompile>
    <ClCompile Include="XmlElementTests.cpp">
      <Filter>Tests</Filter>
    </ClCompile>
    <ClCompile Include="IdDictionaryTests.cpp">
      <Filter>Tests</Filter>
    </ClCompile>
    <ClCompile Include="XmlDocumentTests.cpp">
      <Filter>Tests</Filter>
    </ClCompile>
  </ItemGroup>
  <ItemGroup>
    <ClInclude Include="XmlCore\IdDictionary.h">
      <Filter>XmlCore</Filter>
    </ClInclude>
    <ClInclude Include="XmlCore\XmlDocument.h">
      <Filter>XmlCore</Filter>
    </ClInclude>
    <ClInclude Include="XmlCore\XmlElement.h">
      <Filter>XmlCore</Filter>
    </ClInclude>
    <ClInclude Include="XmlCore\XmlNode.h">
      <Filter>XmlCore</Filter>
    </ClInclude>
    <ClInclude Include="XmlCore\XmlText.h">
      <Filter>XmlCore</Filter>
    </ClInclude>
    <ClInclude Include="Exceptions\Exception.h">
      <Filter>Exceptions</Filter>
    </ClInclude>
    <ClInclude Include="CLI\Command.h">
      <Filter>CLI</Filter>
    </ClInclude>
    <ClInclude Include="CLI\Commands.h">
      <Filter>CLI</Filter>
    </ClInclude>
    <ClInclude Include="Tests\doctest.h">
      <Filter>Tests</Filter>
    </ClInclude>
  </ItemGroup>
</Project>